{
    "laminas/laminas-eventmanager": {
        "version": "3.4.0"
    },
    "laminas/laminas-zendframework-bridge": {
        "version": "1.4.0"
    },
    "symfony/apache-pack": {
        "version": "1.0",
        "recipe": {
            "repo": "github.com/symfony/recipes-contrib",
            "branch": "master",
            "version": "1.0",
            "ref": "9d254a22efca7264203eea98b866f16f944b2f09"
        },
        "files": [
            "./public/.htaccess"
        ]
    }
}
